
Microsoft Visual Studio Solution File, Format Version 12.00
# Visual Studio 15
VisualStudioVersion = 15.0.27428.2037
MinimumVisualStudioVersion = 10.0.40219.1
Project("{FAE04EC0-301F-11D3-BF4B-00C04F79EFBC}") = "ArcTouch.UpcomingMovies", "ArcTouch.UpcomingMovies\ArcTouch.UpcomingMovies\ArcTouch.UpcomingMovies.csproj", "{B2D237EC-D75D-4C72-91D4-748E74CA8196}"
EndProject
Project("{FAE04EC0-301F-11D3-BF4B-00C04F79EFBC}") = "ArcTouch.UpcomingMovies.Android", "ArcTouch.UpcomingMovies\ArcTouch.UpcomingMovies.Android\ArcTouch.UpcomingMovies.Android.csproj", "{54629AF0-74E5-4C4A-AEB3-25506EC11A1B}"
EndProject
Project("{FAE04EC0-301F-11D3-BF4B-00C04F79EFBC}") = "ArcTouch.UpcomingMovies.iOS", "ArcTouch.UpcomingMovies\ArcTouch.UpcomingMovies.iOS\ArcTouch.UpcomingMovies.iOS.csproj", "{C8763ADE-0957-472E-AA20-D52050A6551B}"
EndProject
Project("{FAE04EC0-301F-11D3-BF4B-00C04F79EFBC}") = "ArcTouch.UpcomingMovies.UWP", "ArcTouch.UpcomingMovies\ArcTouch.UpcomingMovies.UWP\ArcTouch.UpcomingMovies.UWP.csproj", "{EEED730F-31B7-42F1-8828-8713F77A4601}"
EndProject
Global
	GlobalSection(SolutionConfigurationPlatforms) = preSolution
		Ad-Hoc|Any CPU = Ad-Hoc|Any CPU
		Ad-Hoc|ARM = Ad-Hoc|ARM
		Ad-Hoc|iPhone = Ad-Hoc|iPhone
		Ad-Hoc|iPhoneSimulator = Ad-Hoc|iPhoneSimulator
		Ad-Hoc|x64 = Ad-Hoc|x64
		Ad-Hoc|x86 = Ad-Hoc|x86
		AppStore|Any CPU = AppStore|Any CPU
		AppStore|ARM = AppStore|ARM
		AppStore|iPhone = AppStore|iPhone
		AppStore|iPhoneSimulator = AppStore|iPhoneSimulator
		AppStore|x64 = AppStore|x64
		AppStore|x86 = AppStore|x86
		Debug|Any CPU = Debug|Any CPU
		Debug|ARM = Debug|ARM
		Debug|iPhone = Debug|iPhone
		Debug|iPhoneSimulator = Debug|iPhoneSimulator
		Debug|x64 = Debug|x64
		Debug|x86 = Debug|x86
		Release|Any CPU = Release|Any CPU
		Release|ARM = Release|ARM
		Release|iPhone = Release|iPhone
		Release|iPhoneSimulator = Release|iPhoneSimulator
		Release|x64 = Release|x64
		Release|x86 = Release|x86
	EndGlobalSection
	GlobalSection(ProjectConfigurationPlatforms) = postSolution
		{B2D237EC-D75D-4C72-91D4-748E74CA8196}.Ad-Hoc|Any CPU.ActiveCfg = Debug|Any CPU
		{B2D237EC-D75D-4C72-91D4-748E74CA8196}.Ad-Hoc|Any CPU.Build.0 = Debug|Any CPU
		{B2D237EC-D75D-4C72-91D4-748E74CA8196}.Ad-Hoc|ARM.ActiveCfg = Debug|Any CPU
		{B2D237EC-D75D-4C72-91D4-748E74CA8196}.Ad-Hoc|ARM.Build.0 = Debug|Any CPU
		{B2D237EC-D75D-4C72-91D4-748E74CA8196}.Ad-Hoc|iPhone.ActiveCfg = Debug|Any CPU
		{B2D237EC-D75D-4C72-91D4-748E74CA8196}.Ad-Hoc|iPhone.Build.0 = Debug|Any CPU
		{B2D237EC-D75D-4C72-91D4-748E74CA8196}.Ad-Hoc|iPhoneSimulator.ActiveCfg = Debug|Any CPU
		{B2D237EC-D75D-4C72-91D4-748E74CA8196}.Ad-Hoc|iPhoneSimulator.Build.0 = Debug|Any CPU
		{B2D237EC-D75D-4C72-91D4-748E74CA8196}.Ad-Hoc|x64.ActiveCfg = Debug|Any CPU
		{B2D237EC-D75D-4C72-91D4-748E74CA8196}.Ad-Hoc|x64.Build.0 = Debug|Any CPU
		{B2D237EC-D75D-4C72-91D4-748E74CA8196}.Ad-Hoc|x86.ActiveCfg = Debug|Any CPU
		{B2D237EC-D75D-4C72-91D4-748E74CA8196}.Ad-Hoc|x86.Build.0 = Debug|Any CPU
		{B2D237EC-D75D-4C72-91D4-748E74CA8196}.AppStore|Any CPU.ActiveCfg = Debug|Any CPU
		{B2D237EC-D75D-4C72-91D4-748E74CA8196}.AppStore|Any CPU.Build.0 = Debug|Any CPU
		{B2D237EC-D75D-4C72-91D4-748E74CA8196}.AppStore|ARM.ActiveCfg = Debug|Any CPU
		{B2D237EC-D75D-4C72-91D4-748E74CA8196}.AppStore|ARM.Build.0 = Debug|Any CPU
		{B2D237EC-D75D-4C72-91D4-748E74CA8196}.AppStore|iPhone.ActiveCfg = Debug|Any CPU
		{B2D237EC-D75D-4C72-91D4-748E74CA8196}.AppStore|iPhone.Build.0 = Debug|Any CPU
		{B2D237EC-D75D-4C72-91D4-748E74CA8196}.AppStore|iPhoneSimulator.ActiveCfg = Debug|Any CPU
		{B2D237EC-D75D-4C72-91D4-748E74CA8196}.AppStore|iPhoneSimulator.Build.0 = Debug|Any CPU
		{B2D237EC-D75D-4C72-91D4-748E74CA8196}.AppStore|x64.ActiveCfg = Debug|Any CPU
		{B2D237EC-D75D-4C72-91D4-748E74CA8196}.AppStore|x64.Build.0 = Debug|Any CPU
		{B2D237EC-D75D-4C72-91D4-748E74CA8196}.AppStore|x86.ActiveCfg = Debug|Any CPU
		{B2D237EC-D75D-4C72-91D4-748E74CA8196}.AppStore|x86.Build.0 = Debug|Any CPU
		{B2D237EC-D75D-4C72-91D4-748E74CA8196}.Debug|Any CPU.ActiveCfg = Debug|Any CPU
		{B2D237EC-D75D-4C72-91D4-748E74CA8196}.Debug|Any CPU.Build.0 = Debug|Any CPU
		{B2D237EC-D75D-4C72-91D4-748E74CA8196}.Debug|ARM.ActiveCfg = Debug|Any CPU
		{B2D237EC-D75D-4C72-91D4-748E74CA8196}.Debug|ARM.Build.0 = Debug|Any CPU
		{B2D237EC-D75D-4C72-91D4-748E74CA8196}.Debug|iPhone.ActiveCfg = Debug|Any CPU
		{B2D237EC-D75D-4C72-91D4-748E74CA8196}.Debug|iPhone.Build.0 = Debug|Any CPU
		{B2D237EC-D75D-4C72-91D4-748E74CA8196}.Debug|iPhoneSimulator.ActiveCfg = Debug|Any CPU
		{B2D237EC-D75D-4C72-91D4-748E74CA8196}.Debug|iPhoneSimulator.Build.0 = Debug|Any CPU
		{B2D237EC-D75D-4C72-91D4-748E74CA8196}.Debug|x64.ActiveCfg = Debug|Any CPU
		{B2D237EC-D75D-4C72-91D4-748E74CA8196}.Debug|x64.Build.0 = Debug|Any CPU
		{B2D237EC-D75D-4C72-91D4-748E74CA8196}.Debug|x86.ActiveCfg = Debug|Any CPU
		{B2D237EC-D75D-4C72-91D4-748E74CA8196}.Debug|x86.Build.0 = Debug|Any CPU
		{B2D237EC-D75D-4C72-91D4-748E74CA8196}.Release|Any CPU.ActiveCfg = Release|Any CPU
		{B2D237EC-D75D-4C72-91D4-748E74CA8196}.Release|Any CPU.Build.0 = Release|Any CPU
		{B2D237EC-D75D-4C72-91D4-748E74CA8196}.Release|ARM.ActiveCfg = Release|Any CPU
		{B2D237EC-D75D-4C72-91D4-748E74CA8196}.Release|ARM.Build.0 = Release|Any CPU
		{B2D237EC-D75D-4C72-91D4-748E74CA8196}.Release|iPhone.ActiveCfg = Release|Any CPU
		{B2D237EC-D75D-4C72-91D4-748E74CA8196}.Release|iPhone.Build.0 = Release|Any CPU
		{B2D237EC-D75D-4C72-91D4-748E74CA8196}.Release|iPhoneSimulator.ActiveCfg = Release|Any CPU
		{B2D237EC-D75D-4C72-91D4-748E74CA8196}.Release|iPhoneSimulator.Build.0 = Release|Any CPU
		{B2D237EC-D75D-4C72-91D4-748E74CA8196}.Release|x64.ActiveCfg = Release|Any CPU
		{B2D237EC-D75D-4C72-91D4-748E74CA8196}.Release|x64.Build.0 = Release|Any CPU
		{B2D237EC-D75D-4C72-91D4-748E74CA8196}.Release|x86.ActiveCfg = Release|Any CPU
		{B2D237EC-D75D-4C72-91D4-748E74CA8196}.Release|x86.Build.0 = Release|Any CPU
		{54629AF0-74E5-4C4A-AEB3-25506EC11A1B}.Ad-Hoc|Any CPU.ActiveCfg = Release|Any CPU
		{54629AF0-74E5-4C4A-AEB3-25506EC11A1B}.Ad-Hoc|Any CPU.Build.0 = Release|Any CPU
		{54629AF0-74E5-4C4A-AEB3-25506EC11A1B}.Ad-Hoc|Any CPU.Deploy.0 = Release|Any CPU
		{54629AF0-74E5-4C4A-AEB3-25506EC11A1B}.Ad-Hoc|ARM.ActiveCfg = Release|Any CPU
		{54629AF0-74E5-4C4A-AEB3-25506EC11A1B}.Ad-Hoc|ARM.Build.0 = Release|Any CPU
		{54629AF0-74E5-4C4A-AEB3-25506EC11A1B}.Ad-Hoc|ARM.Deploy.0 = Release|Any CPU
		{54629AF0-74E5-4C4A-AEB3-25506EC11A1B}.Ad-Hoc|iPhone.ActiveCfg = Release|Any CPU
		{54629AF0-74E5-4C4A-AEB3-25506EC11A1B}.Ad-Hoc|iPhone.Build.0 = Release|Any CPU
		{54629AF0-74E5-4C4A-AEB3-25506EC11A1B}.Ad-Hoc|iPhone.Deploy.0 = Release|Any CPU
		{54629AF0-74E5-4C4A-AEB3-25506EC11A1B}.Ad-Hoc|iPhoneSimulator.ActiveCfg = Release|Any CPU
		{54629AF0-74E5-4C4A-AEB3-25506EC11A1B}.Ad-Hoc|iPhoneSimulator.Build.0 = Release|Any CPU
		{54629AF0-74E5-4C4A-AEB3-25506EC11A1B}.Ad-Hoc|iPhoneSimulator.Deploy.0 = Release|Any CPU
		{54629AF0-74E5-4C4A-AEB3-25506EC11A1B}.Ad-Hoc|x64.ActiveCfg = Release|Any CPU
		{54629AF0-74E5-4C4A-AEB3-25506EC11A1B}.Ad-Hoc|x64.Build.0 = Release|Any CPU
		{54629AF0-74E5-4C4A-AEB3-25506EC11A1B}.Ad-Hoc|x64.Deploy.0 = Release|Any CPU
		{54629AF0-74E5-4C4A-AEB3-25506EC11A1B}.Ad-Hoc|x86.ActiveCfg = Release|Any CPU
		{54629AF0-74E5-4C4A-AEB3-25506EC11A1B}.Ad-Hoc|x86.Build.0 = Release|Any CPU
		{54629AF0-74E5-4C4A-AEB3-25506EC11A1B}.Ad-Hoc|x86.Deploy.0 = Release|Any CPU
		{54629AF0-74E5-4C4A-AEB3-25506EC11A1B}.AppStore|Any CPU.ActiveCfg = Release|Any CPU
		{54629AF0-74E5-4C4A-AEB3-25506EC11A1B}.AppStore|Any CPU.Build.0 = Release|Any CPU
		{54629AF0-74E5-4C4A-AEB3-25506EC11A1B}.AppStore|Any CPU.Deploy.0 = Release|Any CPU
		{54629AF0-74E5-4C4A-AEB3-25506EC11A1B}.AppStore|ARM.ActiveCfg = Release|Any CPU
		{54629AF0-74E5-4C4A-AEB3-25506EC11A1B}.AppStore|ARM.Build.0 = Release|Any CPU
		{54629AF0-74E5-4C4A-AEB3-25506EC11A1B}.AppStore|ARM.Deploy.0 = Release|Any CPU
		{54629AF0-74E5-4C4A-AEB3-25506EC11A1B}.AppStore|iPhone.ActiveCfg = Release|Any CPU
		{54629AF0-74E5-4C4A-AEB3-25506EC11A1B}.AppStore|iPhone.Build.0 = Release|Any CPU
		{54629AF0-74E5-4C4A-AEB3-25506EC11A1B}.AppStore|iPhone.Deploy.0 = Release|Any CPU
		{54629AF0-74E5-4C4A-AEB3-25506EC11A1B}.AppStore|iPhoneSimulator.ActiveCfg = Release|Any CPU
		{54629AF0-74E5-4C4A-AEB3-25506EC11A1B}.AppStore|iPhoneSimulator.Build.0 = Release|Any CPU
		{54629AF0-74E5-4C4A-AEB3-25506EC11A1B}.AppStore|iPhoneSimulator.Deploy.0 = Release|Any CPU
		{54629AF0-74E5-4C4A-AEB3-25506EC11A1B}.AppStore|x64.ActiveCfg = Release|Any CPU
		{54629AF0-74E5-4C4A-AEB3-25506EC11A1B}.AppStore|x64.Build.0 = Release|Any CPU
		{54629AF0-74E5-4C4A-AEB3-25506EC11A1B}.AppStore|x64.Deploy.0 = Release|Any CPU
		{54629AF0-74E5-4C4A-AEB3-25506EC11A1B}.AppStore|x86.ActiveCfg = Release|Any CPU
		{54629AF0-74E5-4C4A-AEB3-25506EC11A1B}.AppStore|x86.Build.0 = Release|Any CPU
		{54629AF0-74E5-4C4A-AEB3-25506EC11A1B}.AppStore|x86.Deploy.0 = Release|Any CPU
		{54629AF0-74E5-4C4A-AEB3-25506EC11A1B}.Debug|Any CPU.ActiveCfg = Debug|Any CPU
		{54629AF0-74E5-4C4A-AEB3-25506EC11A1B}.Debug|Any CPU.Build.0 = Debug|Any CPU
		{54629AF0-74E5-4C4A-AEB3-25506EC11A1B}.Debug|Any CPU.Deploy.0 = Debug|Any CPU
		{54629AF0-74E5-4C4A-AEB3-25506EC11A1B}.Debug|ARM.ActiveCfg = Debug|Any CPU
		{54629AF0-74E5-4C4A-AEB3-25506EC11A1B}.Debug|ARM.Build.0 = Debug|Any CPU
		{54629AF0-74E5-4C4A-AEB3-25506EC11A1B}.Debug|ARM.Deploy.0 = Debug|Any CPU
		{54629AF0-74E5-4C4A-AEB3-25506EC11A1B}.Debug|iPhone.ActiveCfg = Debug|Any CPU
		{54629AF0-74E5-4C4A-AEB3-25506EC11A1B}.Debug|iPhone.Build.0 = Debug|Any CPU
		{54629AF0-74E5-4C4A-AEB3-25506EC11A1B}.Debug|iPhone.Deploy.0 = Debug|Any CPU
		{54629AF0-74E5-4C4A-AEB3-25506EC11A1B}.Debug|iPhoneSimulator.ActiveCfg = Debug|Any CPU
		{54629AF0-74E5-4C4A-AEB3-25506EC11A1B}.Debug|iPhoneSimulator.Build.0 = Debug|Any CPU
		{54629AF0-74E5-4C4A-AEB3-25506EC11A1B}.Debug|iPhoneSimulator.Deploy.0 = Debug|Any CPU
		{54629AF0-74E5-4C4A-AEB3-25506EC11A1B}.Debug|x64.ActiveCfg = Debug|Any CPU
		{54629AF0-74E5-4C4A-AEB3-25506EC11A1B}.Debug|x64.Build.0 = Debug|Any CPU
		{54629AF0-74E5-4C4A-AEB3-25506EC11A1B}.Debug|x64.Deploy.0 = Debug|Any CPU
		{54629AF0-74E5-4C4A-AEB3-25506EC11A1B}.Debug|x86.ActiveCfg = Debug|Any CPU
		{54629AF0-74E5-4C4A-AEB3-25506EC11A1B}.Debug|x86.Build.0 = Debug|Any CPU
		{54629AF0-74E5-4C4A-AEB3-25506EC11A1B}.Debug|x86.Deploy.0 = Debug|Any CPU
		{54629AF0-74E5-4C4A-AEB3-25506EC11A1B}.Release|Any CPU.ActiveCfg = Release|Any CPU
		{54629AF0-74E5-4C4A-AEB3-25506EC11A1B}.Release|Any CPU.Build.0 = Release|Any CPU
		{54629AF0-74E5-4C4A-AEB3-25506EC11A1B}.Release|Any CPU.Deploy.0 = Release|Any CPU
		{54629AF0-74E5-4C4A-AEB3-25506EC11A1B}.Release|ARM.ActiveCfg = Release|Any CPU
		{54629AF0-74E5-4C4A-AEB3-25506EC11A1B}.Release|ARM.Build.0 = Release|Any CPU
		{54629AF0-74E5-4C4A-AEB3-25506EC11A1B}.Release|ARM.Deploy.0 = Release|Any CPU
		{54629AF0-74E5-4C4A-AEB3-25506EC11A1B}.Release|iPhone.ActiveCfg = Release|Any CPU
		{54629AF0-74E5-4C4A-AEB3-25506EC11A1B}.Release|iPhone.Build.0 = Release|Any CPU
		{54629AF0-74E5-4C4A-AEB3-25506EC11A1B}.Release|iPhone.Deploy.0 = Release|Any CPU
		{54629AF0-74E5-4C4A-AEB3-25506EC11A1B}.Release|iPhoneSimulator.ActiveCfg = Release|Any CPU
		{54629AF0-74E5-4C4A-AEB3-25506EC11A1B}.Release|iPhoneSimulator.Build.0 = Release|Any CPU
		{54629AF0-74E5-4C4A-AEB3-25506EC11A1B}.Release|iPhoneSimulator.Deploy.0 = Release|Any CPU
		{54629AF0-74E5-4C4A-AEB3-25506EC11A1B}.Release|x64.ActiveCfg = Release|Any CPU
		{54629AF0-74E5-4C4A-AEB3-25506EC11A1B}.Release|x64.Build.0 = Release|Any CPU
		{54629AF0-74E5-4C4A-AEB3-25506EC11A1B}.Release|x64.Deploy.0 = Release|Any CPU
		{54629AF0-74E5-4C4A-AEB3-25506EC11A1B}.Release|x86.ActiveCfg = Release|Any CPU
		{54629AF0-74E5-4C4A-AEB3-25506EC11A1B}.Release|x86.Build.0 = Release|Any CPU
		{54629AF0-74E5-4C4A-AEB3-25506EC11A1B}.Release|x86.Deploy.0 = Release|Any CPU
		{C8763ADE-0957-472E-AA20-D52050A6551B}.Ad-Hoc|Any CPU.ActiveCfg = Ad-Hoc|iPhone
		{C8763ADE-0957-472E-AA20-D52050A6551B}.Ad-Hoc|ARM.ActiveCfg = Ad-Hoc|iPhone
		{C8763ADE-0957-472E-AA20-D52050A6551B}.Ad-Hoc|iPhone.ActiveCfg = Ad-Hoc|iPhone
		{C8763ADE-0957-472E-AA20-D52050A6551B}.Ad-Hoc|iPhone.Build.0 = Ad-Hoc|iPhone
		{C8763ADE-0957-472E-AA20-D52050A6551B}.Ad-Hoc|iPhoneSimulator.ActiveCfg = Ad-Hoc|iPhoneSimulator
		{C8763ADE-0957-472E-AA20-D52050A6551B}.Ad-Hoc|iPhoneSimulator.Build.0 = Ad-Hoc|iPhoneSimulator
		{C8763ADE-0957-472E-AA20-D52050A6551B}.Ad-Hoc|x64.ActiveCfg = Ad-Hoc|iPhone
		{C8763ADE-0957-472E-AA20-D52050A6551B}.Ad-Hoc|x86.ActiveCfg = Ad-Hoc|iPhone
		{C8763ADE-0957-472E-AA20-D52050A6551B}.AppStore|Any CPU.ActiveCfg = AppStore|iPhone
		{C8763ADE-0957-472E-AA20-D52050A6551B}.AppStore|ARM.ActiveCfg = AppStore|iPhone
		{C8763ADE-0957-472E-AA20-D52050A6551B}.AppStore|iPhone.ActiveCfg = AppStore|iPhone
		{C8763ADE-0957-472E-AA20-D52050A6551B}.AppStore|iPhone.Build.0 = AppStore|iPhone
		{C8763ADE-0957-472E-AA20-D52050A6551B}.AppStore|iPhoneSimulator.ActiveCfg = AppStore|iPhoneSimulator
		{C8763ADE-0957-472E-AA20-D52050A6551B}.AppStore|iPhoneSimulator.Build.0 = AppStore|iPhoneSimulator
		{C8763ADE-0957-472E-AA20-D52050A6551B}.AppStore|x64.ActiveCfg = AppStore|iPhone
		{C8763ADE-0957-472E-AA20-D52050A6551B}.AppStore|x86.ActiveCfg = AppStore|iPhone
		{C8763ADE-0957-472E-AA20-D52050A6551B}.Debug|Any CPU.ActiveCfg = Debug|iPhone
		{C8763ADE-0957-472E-AA20-D52050A6551B}.Debug|ARM.ActiveCfg = Debug|iPhone
		{C8763ADE-0957-472E-AA20-D52050A6551B}.Debug|iPhone.ActiveCfg = Debug|iPhone
		{C8763ADE-0957-472E-AA20-D52050A6551B}.Debug|iPhone.Build.0 = Debug|iPhone
		{C8763ADE-0957-472E-AA20-D52050A6551B}.Debug|iPhoneSimulator.ActiveCfg = Debug|iPhoneSimulator
		{C8763ADE-0957-472E-AA20-D52050A6551B}.Debug|iPhoneSimulator.Build.0 = Debug|iPhoneSimulator
		{C8763ADE-0957-472E-AA20-D52050A6551B}.Debug|x64.ActiveCfg = Debug|iPhone
		{C8763ADE-0957-472E-AA20-D52050A6551B}.Debug|x86.ActiveCfg = Debug|iPhone
		{C8763ADE-0957-472E-AA20-D52050A6551B}.Release|Any CPU.ActiveCfg = Release|iPhone
		{C8763ADE-0957-472E-AA20-D52050A6551B}.Release|ARM.ActiveCfg = Release|iPhone
		{C8763ADE-0957-472E-AA20-D52050A6551B}.Release|iPhone.ActiveCfg = Release|iPhone
		{C8763ADE-0957-472E-AA20-D52050A6551B}.Release|iPhone.Build.0 = Release|iPhone
		{C8763ADE-0957-472E-AA20-D52050A6551B}.Release|iPhoneSimulator.ActiveCfg = Release|iPhoneSimulator
		{C8763ADE-0957-472E-AA20-D52050A6551B}.Release|iPhoneSimulator.Build.0 = Release|iPhoneSimulator
		{C8763ADE-0957-472E-AA20-D52050A6551B}.Release|x64.ActiveCfg = Release|iPhone
		{C8763ADE-0957-472E-AA20-D52050A6551B}.Release|x86.ActiveCfg = Release|iPhone
		{EEED730F-31B7-42F1-8828-8713F77A4601}.Ad-Hoc|Any CPU.ActiveCfg = Release|x86
		{EEED730F-31B7-42F1-8828-8713F77A4601}.Ad-Hoc|Any CPU.Build.0 = Release|x86
		{EEED730F-31B7-42F1-8828-8713F77A4601}.Ad-Hoc|Any CPU.Deploy.0 = Release|x86
		{EEED730F-31B7-42F1-8828-8713F77A4601}.Ad-Hoc|ARM.ActiveCfg = Release|ARM
		{EEED730F-31B7-42F1-8828-8713F77A4601}.Ad-Hoc|ARM.Build.0 = Release|ARM
		{EEED730F-31B7-42F1-8828-8713F77A4601}.Ad-Hoc|ARM.Deploy.0 = Release|ARM
		{EEED730F-31B7-42F1-8828-8713F77A4601}.Ad-Hoc|iPhone.ActiveCfg = Release|x86
		{EEED730F-31B7-42F1-8828-8713F77A4601}.Ad-Hoc|iPhone.Build.0 = Release|x86
		{EEED730F-31B7-42F1-8828-8713F77A4601}.Ad-Hoc|iPhone.Deploy.0 = Release|x86
		{EEED730F-31B7-42F1-8828-8713F77A4601}.Ad-Hoc|iPhoneSimulator.ActiveCfg = Release|x86
		{EEED730F-31B7-42F1-8828-8713F77A4601}.Ad-Hoc|iPhoneSimulator.Build.0 = Release|x86
		{EEED730F-31B7-42F1-8828-8713F77A4601}.Ad-Hoc|iPhoneSimulator.Deploy.0 = Release|x86
		{EEED730F-31B7-42F1-8828-8713F77A4601}.Ad-Hoc|x64.ActiveCfg = Release|x64
		{EEED730F-31B7-42F1-8828-8713F77A4601}.Ad-Hoc|x64.Build.0 = Release|x64
		{EEED730F-31B7-42F1-8828-8713F77A4601}.Ad-Hoc|x64.Deploy.0 = Release|x64
		{EEED730F-31B7-42F1-8828-8713F77A4601}.Ad-Hoc|x86.ActiveCfg = Release|x86
		{EEED730F-31B7-42F1-8828-8713F77A4601}.Ad-Hoc|x86.Build.0 = Release|x86
		{EEED730F-31B7-42F1-8828-8713F77A4601}.Ad-Hoc|x86.Deploy.0 = Release|x86
		{EEED730F-31B7-42F1-8828-8713F77A4601}.AppStore|Any CPU.ActiveCfg = Release|x86
		{EEED730F-31B7-42F1-8828-8713F77A4601}.AppStore|Any CPU.Build.0 = Release|x86
		{EEED730F-31B7-42F1-8828-8713F77A4601}.AppStore|Any CPU.Deploy.0 = Release|x86
		{EEED730F-31B7-42F1-8828-8713F77A4601}.AppStore|ARM.ActiveCfg = Release|ARM
		{EEED730F-31B7-42F1-8828-8713F77A4601}.AppStore|ARM.Build.0 = Release|ARM
		{EEED730F-31B7-42F1-8828-8713F77A4601}.AppStore|ARM.Deploy.0 = Release|ARM
		{EEED730F-31B7-42F1-8828-8713F77A4601}.AppStore|iPhone.ActiveCfg = Release|x86
		{EEED730F-31B7-42F1-8828-8713F77A4601}.AppStore|iPhone.Build.0 = Release|x86
		{EEED730F-31B7-42F1-8828-8713F77A4601}.AppStore|iPhone.Deploy.0 = Release|x86
		{EEED730F-31B7-42F1-8828-8713F77A4601}.AppStore|iPhoneSimulator.ActiveCfg = Release|x86
		{EEED730F-31B7-42F1-8828-8713F77A4601}.AppStore|iPhoneSimulator.Build.0 = Release|x86
		{EEED730F-31B7-42F1-8828-8713F77A4601}.AppStore|iPhoneSimulator.Deploy.0 = Release|x86
		{EEED730F-31B7-42F1-8828-8713F77A4601}.AppStore|x64.ActiveCfg = Release|x64
		{EEED730F-31B7-42F1-8828-8713F77A4601}.AppStore|x64.Build.0 = Release|x64
		{EEED730F-31B7-42F1-8828-8713F77A4601}.AppStore|x64.Deploy.0 = Release|x64
		{EEED730F-31B7-42F1-8828-8713F77A4601}.AppStore|x86.ActiveCfg = Release|x86
		{EEED730F-31B7-42F1-8828-8713F77A4601}.AppStore|x86.Build.0 = Release|x86
		{EEED730F-31B7-42F1-8828-8713F77A4601}.AppStore|x86.Deploy.0 = Release|x86
		{EEED730F-31B7-42F1-8828-8713F77A4601}.Debug|Any CPU.ActiveCfg = Debug|x86
		{EEED730F-31B7-42F1-8828-8713F77A4601}.Debug|ARM.ActiveCfg = Debug|ARM
		{EEED730F-31B7-42F1-8828-8713F77A4601}.Debug|ARM.Build.0 = Debug|ARM
		{EEED730F-31B7-42F1-8828-8713F77A4601}.Debug|ARM.Deploy.0 = Debug|ARM
		{EEED730F-31B7-42F1-8828-8713F77A4601}.Debug|iPhone.ActiveCfg = Debug|x86
		{EEED730F-31B7-42F1-8828-8713F77A4601}.Debug|iPhoneSimulator.ActiveCfg = Debug|x86
		{EEED730F-31B7-42F1-8828-8713F77A4601}.Debug|x64.ActiveCfg = Debug|x64
		{EEED730F-31B7-42F1-8828-8713F77A4601}.Debug|x64.Build.0 = Debug|x64
		{EEED730F-31B7-42F1-8828-8713F77A4601}.Debug|x64.Deploy.0 = Debug|x64
		{EEED730F-31B7-42F1-8828-8713F77A4601}.Debug|x86.ActiveCfg = Debug|x86
		{EEED730F-31B7-42F1-8828-8713F77A4601}.Debug|x86.Build.0 = Debug|x86
		{EEED730F-31B7-42F1-8828-8713F77A4601}.Debug|x86.Deploy.0 = Debug|x86
		{EEED730F-31B7-42F1-8828-8713F77A4601}.Release|Any CPU.ActiveCfg = Release|x86
		{EEED730F-31B7-42F1-8828-8713F77A4601}.Release|ARM.ActiveCfg = Release|ARM
		{EEED730F-31B7-42F1-8828-8713F77A4601}.Release|ARM.Build.0 = Release|ARM
		{EEED730F-31B7-42F1-8828-8713F77A4601}.Release|ARM.Deploy.0 = Release|ARM
		{EEED730F-31B7-42F1-8828-8713F77A4601}.Release|iPhone.ActiveCfg = Release|x86
		{EEED730F-31B7-42F1-8828-8713F77A4601}.Release|iPhoneSimulator.ActiveCfg = Release|x86
		{EEED730F-31B7-42F1-8828-8713F77A4601}.Release|x64.ActiveCfg = Release|x64
		{EEED730F-31B7-42F1-8828-8713F77A4601}.Release|x64.Build.0 = Release|x64
		{EEED730F-31B7-42F1-8828-8713F77A4601}.Release|x64.Deploy.0 = Release|x64
		{EEED730F-31B7-42F1-8828-8713F77A4601}.Release|x86.ActiveCfg = Release|x86
		{EEED730F-31B7-42F1-8828-8713F77A4601}.Release|x86.Build.0 = Release|x86
		{EEED730F-31B7-42F1-8828-8713F77A4601}.Release|x86.Deploy.0 = Release|x86
	EndGlobalSection
	GlobalSection(SolutionProperties) = preSolution
		HideSolutionNode = FALSE
	EndGlobalSection
	GlobalSection(ExtensibilityGlobals) = postSolution
		SolutionGuid = {7A5F9009-728E-4AE6-A756-21D037153A7A}
	EndGlobalSection
EndGlobal
